// !$*UTF8*$!
{
	archiveVersion = 1;
	classes = {
	};
	objectVersion = 46;
	objects = {

/* Begin PBXBuildFile section */
		C7E55D0221B6B62A004818DC /* main.m in Sources */ = {isa = PBXBuildFile; fileRef = C7E55D0121B6B62A004818DC /* main.m */; };
		C7E55D0521B6B62A004818DC /* AppDelegate.m in Sources */ = {isa = PBXBuildFile; fileRef = C7E55D0421B6B62A004818DC /* AppDelegate.m */; };
		C7E55D0821B6B62A004818DC /* ViewController.m in Sources */ = {isa = PBXBuildFile; fileRef = C7E55D0721B6B62A004818DC /* ViewController.m */; };
		C7E55D0B21B6B62A004818DC /* Main.storyboard in Resources */ = {isa = PBXBuildFile; fileRef = C7E55D0921B6B62A004818DC /* Main.storyboard */; };
		C7E55D0D21B6B62B004818DC /* Assets.xcassets in Resources */ = {isa = PBXBuildFile; fileRef = C7E55D0C21B6B62B004818DC /* Assets.xcassets */; };
		C7E55D1021B6B62B004818DC /* LaunchScreen.storyboard in Resources */ = {isa = PBXBuildFile; fileRef = C7E55D0E21B6B62B004818DC /* LaunchScreen.storyboard */; };
/* End PBXBuildFile section */

/* Begin PBXFileReference section */
		C7E55CFD21B6B62A004818DC /* Button Fun.app */ = {isa = PBXFileReference; explicitFileType = wrapper.application; includeInIndex = 0; path = "Button Fun.app"; sourceTree = BUILT_PRODUCTS_DIR; };
		C7E55D0121B6B62A004818DC /* main.m */ = {isa = PBXFileReference; lastKnownFileType = sourcecode.c.objc; path = main.m; sourceTree = "<group>"; };
		C7E55D0321B6B62A004818DC /* AppDelegate.h */ = {isa = PBXFileReference; lastKnownFileType = sourcecode.c.h; path = AppDelegate.h; sourceTree = "<group>"; };
		C7E55D0421B6B62A004818DC /* AppDelegate.m */ = {isa = PBXFileReference; lastKnownFileType = sourcecode.c.objc; path = AppDelegate.m; sourceTree = "<group>"; };
		C7E55D0621B6B62A004818DC /* ViewController.h */ = {isa = PBXFileReference; lastKnownFileType = sourcecode.c.h; path = ViewController.h; sourceTree = "<group>"; };
		C7E55D0721B6B62A004818DC /* ViewController.m */ = {isa = PBXFileReference; lastKnownFileType = sourcecode.c.objc; path = ViewController.m; sourceTree = "<group>"; };
		C7E55D0A21B6B62A004818DC /* Base */ = {isa = PBXFileReference; lastKnownFileType = file.storyboard; name = Base; path = Base.lproj/Main.storyboard; sourceTree = "<group>"; };
		C7E55D0C21B6B62B004818DC /* Assets.xcassets */ = {isa = PBXFileReference; lastKnownFileType = folder.assetcatalog; path = Assets.xcassets; sourceTree = "<group>"; };
		C7E55D0F21B6B62B004818DC /* Base */ = {isa = PBXFileReference; lastKnownFileType = file.storyboard; name = Base; path = Base.lproj/LaunchScreen.storyboard; sourceTree = "<group>"; };
		C7E55D1121B6B62B004818DC /* Info.plist */ = {isa = PBXFileReference; lastKnownFileType = text.plist.xml; path = Info.plist; sourceTree = "<group>"; };
/* End PBXFileReference section */

/* Begin PBXFrameworksBuildPhase section */
		C7E55CFA21B6B62A004818DC /* Frameworks */ = {
			isa = PBXFrameworksBuildPhase;
			buildActionMask = 2147483647;
			files = (
			);
			runOnlyForDeploymentPostprocessing = 0;
		};
/* End PBXFrameworksBuildPhase section */

/* Begin PBXGroup section */
		C7E55CF421B6B62A004818DC = {
			isa = PBXGroup;
			children = (
				C7E55CFF21B6B62A004818DC /* Button Fun */,
				C7E55CFE21B6B62A004818DC /* Products */,
			);
			sourceTree = "<group>";
		};
		C7E55CFE21B6B62A004818DC /* Products */ = {
			isa = PBXGroup;
			children = (
				C7E55CFD21B6B62A004818DC /* Button Fun.app */,
			);
			name = Products;
			sourceTree = "<group>";
		};
		C7E55CFF21B6B62A004818DC /* Button Fun */ = {
			isa = PBXGroup;
			children = (
				C7E55D0321B6B62A004818DC /* AppDelegate.h */,
				C7E55D0421B6B62A004818DC /* AppDelegate.m */,
				C7E55D0621B6B62A004818DC /* ViewController.h */,
				C7E55D0721B6B62A004818DC /* ViewController.m */,
				C7E55D0921B6B62A004818DC /* Main.storyboard */,
				C7E55D0C21B6B62B004818DC /* Assets.xcassets */,
				C7E55D0E21B6B62B004818DC /* LaunchScreen.storyboard */,
				C7E55D1121B6B62B004818DC /* Info.plist */,
				C7E55D0021B6B62A004818DC /* Supporting Files */,
			);
			path = "Button Fun";
			sourceTree = "<group>";
		};
		C7E55D0021B6B62A004818DC /* Supporting Files */ = {
			isa = PBXGroup;
			children = (
				C7E55D0121B6B62A004818DC /* main.m */,
			);
			name = "Supporting Files";
			sourceTree = "<group>";
		};
/* End PBXGroup section */

/* Begin PBXNativeTarget section */
		C7E55CFC21B6B62A004818DC /* Button Fun */ = {
			isa = PBXNativeTarget;
			buildConfigurationList = C7E55D1421B6B62B004818DC /* Build configuration list for PBXNativeTarget "Button Fun" */;
			buildPhases = (
				C7E55CF921B6B62A004818DC /* Sources */,
				C7E55CFA21B6B62A004818DC /* Frameworks */,
				C7E55CFB21B6B62A004818DC /* Resources */,
			);
			buildRules = (
			);
			dependencies = (
			);
			name = "Button Fun";
			productName = "Button Fun";
			productReference = C7E55CFD21B6B62A004818DC /* Button Fun.app */;
			productType = "com.apple.product-type.application";
		};
/* End PBXNativeTarget section */

/* Begin PBXProject section */
		C7E55CF521B6B62A004818DC /* Project object */ = {
			isa = PBXProject;
			attributes = {
				LastUpgradeCheck = 0830;
				ORGANIZATIONNAME = eyu;
				TargetAttributes = {
					C7E55CFC21B6B62A004818DC = {
						CreatedOnToolsVersion = 8.3.3;
						ProvisioningStyle = Automatic;
					};
				};
			};
			buildConfigurationList = C7E55CF821B6B62A004818DC /* Build configuration list for PBXProject "Button Fun" */;
			compatibilityVersion = "Xcode 3.2";
			developmentRegion = English;
			hasScannedForEncodings = 0;
			knownRegions = (
				en,
				Base,
			);
			mainGroup = C7E55CF421B6B62A004818DC;
			productRefGroup = C7E55CFE21B6B62A004818DC /* Products */;
			projectDirPath = "";
			projectRoot = "";
			targets = (
				C7E55CFC21B6B62A004818DC /* Button Fun */,
			);
		};
/* End PBXProject section */

/* Begin PBXResourcesBuildPhase section */
		C7E55CFB21B6B62A004818DC /* Resources */ = {
			isa = PBXResourcesBuildPhase;
			buildActionMask = 2147483647;
			files = (
				C7E55D1021B6B62B004818DC /* LaunchScreen.storyboard in Resources */,
				C7E55D0D21B6B62B004818DC /* Assets.xcassets in Resources */,
				C7E55D0B21B6B62A004818DC /* Main.storyboard in Resources */,
			);
			runOnlyForDeploymentPostprocessing = 0;
		};
/* End PBXResourcesBuildPhase section */

/* Begin PBXSourcesBuildPhase section */
		C7E55CF921B6B62A004818DC /* Sources */ = {
			isa = PBXSourcesBuildPhase;
			buildActionMask = 2147483647;
			files = (
				C7E55D0821B6B62A004818DC /* ViewController.m in Sources */,
				C7E55D0521B6B62A004818DC /* AppDelegate.m in Sources */,
				C7E55D0221B6B62A004818DC /* main.m in Sources */,
			);
			runOnlyForDeploymentPostprocessing = 0;
		};
/* End PBXSourcesBuildPhase section */

/* Begin PBXVariantGroup section */
		C7E55D0921B6B62A004818DC /* Main.storyboard */ = {
			isa = PBXVariantGroup;
			children = (
				C7E55D0A21B6B62A004818DC /* Base */,
			);
			name = Main.storyboard;
			sourceTree = "<group>";
		};
		C7E55D0E21B6B62B004818DC /* LaunchScreen.storyboard */ = {
			isa = PBXVariantGroup;
			children = (
				C7E55D0F21B6B62B004818DC /* Base */,
			);
			name = LaunchScreen.storyboard;
			sourceTree = "<group>";
		};
/* End PBXVariantGroup section */

/* Begin XCBuildConfiguration section */
		C7E55D1221B6B62B004818DC /* Debug */ = {
			isa = XCBuildConfiguration;
			buildSettings = {
				ALWAYS_SEARCH_USER_PATHS = NO;
				CLANG_ANALYZER_NONNULL = YES;
				CLANG_ANALYZER_NUMBER_OBJECT_CONVERSION = YES_AGGRESSIVE;
				CLANG_CXX_LANGUAGE_STANDARD = "gnu++0x";
				CLANG_CXX_LIBRARY = "libc++";
				CLANG_ENABLE_MODULES = YES;
				CLANG_ENABLE_OBJC_ARC = YES;
				CLANG_WARN_BOOL_CONVERSION = YES;
				CLANG_WARN_CONSTANT_CONVERSION = YES;
				CLANG_WARN_DIRECT_OBJC_ISA_USAGE = YES_ERROR;
				CLANG_WARN_DOCUMENTATION_COMMENTS = YES;
				CLANG_WARN_EMPTY_BODY = YES;
				CLANG_WARN_ENUM_CONVERSION = YES;
				CLANG_WARN_INFINITE_RECURSION = YES;
				CLANG_WARN_INT_CONVERSION = YES;
				CLANG_WARN_OBJC_ROOT_CLASS = YES_ERROR;
				CLANG_WARN_SUSPICIOUS_MOVE = YES;
				CLANG_WARN_UNREACHABLE_CODE = YES;
				CLANG_WARN__DUPLICATE_METHOD_MATCH = YES;
				"CODE_SIGN_IDENTITY[sdk=iphoneos*]" = "iPhone Developer";
				COPY_PHASE_STRIP = NO;
				DEBUG_INFORMATION_FORMAT = dwarf;
				ENABLE_STRICT_OBJC_MSGSEND = YES;
				ENABLE_TESTABILITY = YES;
				GCC_C_LANGUAGE_STANDARD = gnu99;
				GCC_DYNAMIC_NO_PIC = NO;
				GCC_NO_COMMON_BLOCKS = YES;
				GCC_OPTIMIZATION_LEVEL = 0;
				GCC_PREPROCESSOR_DEFINITIONS = (
					"DEBUG=1",
					"$(inherited)",
				);
				GCC_WARN_64_TO_32_BIT_CONVERSION = YES;
				GCC_WARN_ABOUT_RETURN_TYPE = YES_ERROR;
				GCC_WARN_UNDECLARED_SELECTOR = YES;
				GCC_WARN_UNINITIALIZED_AUTOS = YES_AGGRESSIVE;
				GCC_WARN_UNUSED_FUNCTION = YES;
				GCC_WARN_UNUSED_VARIABLE = YES;
				IPHONEOS_DEPLOYMENT_TARGET = 10.3;
				MTL_ENABLE_DEBUG_INFO = YES;
				ONLY_ACTIVE_ARCH = YES;
				SDKROOT = iphoneos;
			};
			name = Debug;
		};
		C7E55D1321B6B62B004818DC /* Release */ = {
			isa = XCBuildConfiguration;
			buildSettings = {
				ALWAYS_SEARCH_USER_PATHS = NO;
				CLANG_ANALYZER_NONNULL = YES;
				CLANG_ANALYZER_NUMBER_OBJECT_CONVERSION = YES_AGGRESSIVE;
				CLANG_CXX_LANGUAGE_STANDARD = "gnu++0x";
				CLANG_CXX_LIBRARY = "libc++";
				CLANG_ENABLE_MODULES = YES;
				CLANG_ENABLE_OBJC_ARC = YES;
				CLANG_WARN_BOOL_CONVERSION = YES;
				CLANG_WARN_CONSTANT_CONVERSION = YES;
				CLANG_WARN_DIRECT_OBJC_ISA_USAGE = YES_ERROR;
				CLANG_WARN_DOCUMENTATION_COMMENTS = YES;
				CLANG_WARN_EMPTY_BODY = YES;
				CLANG_WARN_ENUM_CONVERSION = YES;
				CLANG_WARN_INFINITE_RECURSION = YES;
				CLANG_WARN_INT_CONVERSION = YES;
				CLANG_WARN_OBJC_ROOT_CLASS = YES_ERROR;
				CLANG_WARN_SUSPICIOUS_MOVE = YES;
				CLANG_WARN_UNREACHABLE_CODE = YES;
				CLANG_WARN__DUPLICATE_METHOD_MATCH = YES;
				"CODE_SIGN_IDENTITY[sdk=iphoneos*]" = "iPhone Developer";
				COPY_PHASE_STRIP = NO;
				DEBUG_INFORMATION_FORMAT = "dwarf-with-dsym";
				ENABLE_NS_ASSERTIONS = NO;
				ENABLE_STRICT_OBJC_MSGSEND = YES;
				GCC_C_LANGUAGE_STANDARD = gnu99;
				GCC_NO_COMMON_BLOCKS = YES;
				GCC_WARN_64_TO_32_BIT_CONVERSION = YES;
				GCC_WARN_ABOUT_RETURN_TYPE = YES_ERROR;
				GCC_WARN_UNDECLARED_SELECTOR = YES;
				GCC_WARN_UNINITIALIZED_AUTOS = YES_AGGRESSIVE;
				GCC_WARN_UNUSED_FUNCTION = YES;
				GCC_WARN_UNUSED_VARIABLE = YES;
				IPHONEOS_DEPLOYMENT_TARGET = 10.3;
				MTL_ENABLE_DEBUG_INFO = NO;
				SDKROOT = iphoneos;
				VALIDATE_PRODUCT = YES;
			};
			name = Release;
		};
		C7E55D1521B6B62B004818DC /* Debug */ = {
			isa = XCBuildConfiguration;
			buildSettings = {
				ASSETCATALOG_COMPILER_APPICON_NAME = AppIcon;
				INFOPLIST_FILE = "Button Fun/Info.plist";
				LD_RUNPATH_SEARCH_PATHS = "$(inherited) @executable_path/Frameworks";
				PRODUCT_BUNDLE_IDENTIFIER = "com.ccteam.Button-Fun";
				PRODUCT_NAME = "$(TARGET_NAME)";
			};
			name = Debug;
		};
		C7E55D1621B6B62B004818DC /* Release */ = {
			isa = XCBuildConfiguration;
			buildSettings = {
				ASSETCATALOG_COMPILER_APPICON_NAME = AppIcon;
				INFOPLIST_FILE = "Button Fun/Info.plist";
				LD_RUNPATH_SEARCH_PATHS = "$(inherited) @executable_path/Frameworks";
				PRODUCT_BUNDLE_IDENTIFIER = "com.ccteam.Button-Fun";
				PRODUCT_NAME = "$(TARGET_NAME)";
			};
			name = Release;
		};
/* End XCBuildConfiguration section */

/* Begin XCConfigurationList section */
		C7E55CF821B6B62A004818DC /* Build configuration list for PBXProject "Button Fun" */ = {
			isa = XCConfigurationList;
			buildConfigurations = (
				C7E55D1221B6B62B004818DC /* Debug */,
				C7E55D1321B6B62B004818DC /* Release */,
			);
			defaultConfigurationIsVisible = 0;
			defaultConfigurationName = Release;
		};
		C7E55D1421B6B62B004818DC /* Build configuration list for PBXNativeTarget "Button Fun" */ = {
			isa = XCConfigurationList;
			buildConfigurations = (
				C7E55D1521B6B62B004818DC /* Debug */,
				C7E55D1621B6B62B004818DC /* Release */,
			);
			defaultConfigurationIsVisible = 0;
		};
/* End XCConfigurationList section */
	};
	rootObject = C7E55CF521B6B62A004818DC /* Project object */;
}
