// !$*UTF8*$!
{
	archiveVersion = 1;
	classes = {
	};
	objectVersion = 46;
	objects = {

/* Begin PBXBuildFile section */
		C7CD3D7B2198026600A2E3A0 /* main.m in Sources */ = {isa = PBXBuildFile; fileRef = C7CD3D7A2198026600A2E3A0 /* main.m */; };
		C7CD3D7E2198026600A2E3A0 /* AppDelegate.m in Sources */ = {isa = PBXBuildFile; fileRef = C7CD3D7D2198026600A2E3A0 /* AppDelegate.m */; };
		C7CD3D812198026600A2E3A0 /* ViewController.m in Sources */ = {isa = PBXBuildFile; fileRef = C7CD3D802198026600A2E3A0 /* ViewController.m */; };
		C7CD3D842198026600A2E3A0 /* Main.storyboard in Resources */ = {isa = PBXBuildFile; fileRef = C7CD3D822198026600A2E3A0 /* Main.storyboard */; };
		C7CD3D862198026600A2E3A0 /* Assets.xcassets in Resources */ = {isa = PBXBuildFile; fileRef = C7CD3D852198026600A2E3A0 /* Assets.xcassets */; };
		C7CD3D892198026600A2E3A0 /* LaunchScreen.storyboard in Resources */ = {isa = PBXBuildFile; fileRef = C7CD3D872198026600A2E3A0 /* LaunchScreen.storyboard */; };
		C7CD3D912198085D00A2E3A0 /* myxib.xib in Resources */ = {isa = PBXBuildFile; fileRef = C7CD3D902198085D00A2E3A0 /* myxib.xib */; };
		C7CD3D942198164100A2E3A0 /* UIImageDragView.m in Sources */ = {isa = PBXBuildFile; fileRef = C7CD3D932198164100A2E3A0 /* UIImageDragView.m */; };
/* End PBXBuildFile section */

/* Begin PBXFileReference section */
		C7CD3D762198026600A2E3A0 /* single_view.app */ = {isa = PBXFileReference; explicitFileType = wrapper.application; includeInIndex = 0; path = single_view.app; sourceTree = BUILT_PRODUCTS_DIR; };
		C7CD3D7A2198026600A2E3A0 /* main.m */ = {isa = PBXFileReference; lastKnownFileType = sourcecode.c.objc; path = main.m; sourceTree = "<group>"; };
		C7CD3D7C2198026600A2E3A0 /* AppDelegate.h */ = {isa = PBXFileReference; lastKnownFileType = sourcecode.c.h; path = AppDelegate.h; sourceTree = "<group>"; };
		C7CD3D7D2198026600A2E3A0 /* AppDelegate.m */ = {isa = PBXFileReference; lastKnownFileType = sourcecode.c.objc; path = AppDelegate.m; sourceTree = "<group>"; };
		C7CD3D7F2198026600A2E3A0 /* ViewController.h */ = {isa = PBXFileReference; lastKnownFileType = sourcecode.c.h; path = ViewController.h; sourceTree = "<group>"; };
		C7CD3D802198026600A2E3A0 /* ViewController.m */ = {isa = PBXFileReference; lastKnownFileType = sourcecode.c.objc; path = ViewController.m; sourceTree = "<group>"; };
		C7CD3D832198026600A2E3A0 /* Base */ = {isa = PBXFileReference; lastKnownFileType = file.storyboard; name = Base; path = Base.lproj/Main.storyboard; sourceTree = "<group>"; };
		C7CD3D852198026600A2E3A0 /* Assets.xcassets */ = {isa = PBXFileReference; lastKnownFileType = folder.assetcatalog; path = Assets.xcassets; sourceTree = "<group>"; };
		C7CD3D882198026600A2E3A0 /* Base */ = {isa = PBXFileReference; lastKnownFileType = file.storyboard; name = Base; path = Base.lproj/LaunchScreen.storyboard; sourceTree = "<group>"; };
		C7CD3D8A2198026600A2E3A0 /* Info.plist */ = {isa = PBXFileReference; lastKnownFileType = text.plist.xml; path = Info.plist; sourceTree = "<group>"; };
		C7CD3D902198085D00A2E3A0 /* myxib.xib */ = {isa = PBXFileReference; fileEncoding = 4; lastKnownFileType = file.xib; path = myxib.xib; sourceTree = "<group>"; };
		C7CD3D922198164100A2E3A0 /* UIImageDragView.h */ = {isa = PBXFileReference; fileEncoding = 4; lastKnownFileType = sourcecode.c.h; path = UIImageDragView.h; sourceTree = "<group>"; };
		C7CD3D932198164100A2E3A0 /* UIImageDragView.m */ = {isa = PBXFileReference; fileEncoding = 4; lastKnownFileType = sourcecode.c.objc; path = UIImageDragView.m; sourceTree = "<group>"; };
/* End PBXFileReference section */

/* Begin PBXFrameworksBuildPhase section */
		C7CD3D732198026600A2E3A0 /* Frameworks */ = {
			isa = PBXFrameworksBuildPhase;
			buildActionMask = 2147483647;
			files = (
			);
			runOnlyForDeploymentPostprocessing = 0;
		};
/* End PBXFrameworksBuildPhase section */

/* Begin PBXGroup section */
		C7CD3D6D2198026600A2E3A0 = {
			isa = PBXGroup;
			children = (
				C7CD3D782198026600A2E3A0 /* single_view */,
				C7CD3D772198026600A2E3A0 /* Products */,
			);
			sourceTree = "<group>";
		};
		C7CD3D772198026600A2E3A0 /* Products */ = {
			isa = PBXGroup;
			children = (
				C7CD3D762198026600A2E3A0 /* single_view.app */,
			);
			name = Products;
			sourceTree = "<group>";
		};
		C7CD3D782198026600A2E3A0 /* single_view */ = {
			isa = PBXGroup;
			children = (
				C7CD3D7C2198026600A2E3A0 /* AppDelegate.h */,
				C7CD3D7D2198026600A2E3A0 /* AppDelegate.m */,
				C7CD3D7F2198026600A2E3A0 /* ViewController.h */,
				C7CD3D802198026600A2E3A0 /* ViewController.m */,
				C7CD3D822198026600A2E3A0 /* Main.storyboard */,
				C7CD3D902198085D00A2E3A0 /* myxib.xib */,
				C7CD3D852198026600A2E3A0 /* Assets.xcassets */,
				C7CD3D872198026600A2E3A0 /* LaunchScreen.storyboard */,
				C7CD3D8A2198026600A2E3A0 /* Info.plist */,
				C7CD3D792198026600A2E3A0 /* Supporting Files */,
				C7CD3D922198164100A2E3A0 /* UIImageDragView.h */,
				C7CD3D932198164100A2E3A0 /* UIImageDragView.m */,
			);
			path = single_view;
			sourceTree = "<group>";
		};
		C7CD3D792198026600A2E3A0 /* Supporting Files */ = {
			isa = PBXGroup;
			children = (
				C7CD3D7A2198026600A2E3A0 /* main.m */,
			);
			name = "Supporting Files";
			sourceTree = "<group>";
		};
/* End PBXGroup section */

/* Begin PBXNativeTarget section */
		C7CD3D752198026600A2E3A0 /* single_view */ = {
			isa = PBXNativeTarget;
			buildConfigurationList = C7CD3D8D2198026600A2E3A0 /* Build configuration list for PBXNativeTarget "single_view" */;
			buildPhases = (
				C7CD3D722198026600A2E3A0 /* Sources */,
				C7CD3D732198026600A2E3A0 /* Frameworks */,
				C7CD3D742198026600A2E3A0 /* Resources */,
			);
			buildRules = (
			);
			dependencies = (
			);
			name = single_view;
			productName = single_view;
			productReference = C7CD3D762198026600A2E3A0 /* single_view.app */;
			productType = "com.apple.product-type.application";
		};
/* End PBXNativeTarget section */

/* Begin PBXProject section */
		C7CD3D6E2198026600A2E3A0 /* Project object */ = {
			isa = PBXProject;
			attributes = {
				LastUpgradeCheck = 0830;
				ORGANIZATIONNAME = eyu;
				TargetAttributes = {
					C7CD3D752198026600A2E3A0 = {
						CreatedOnToolsVersion = 8.3.3;
						ProvisioningStyle = Automatic;
					};
				};
			};
			buildConfigurationList = C7CD3D712198026600A2E3A0 /* Build configuration list for PBXProject "single_view" */;
			compatibilityVersion = "Xcode 3.2";
			developmentRegion = English;
			hasScannedForEncodings = 0;
			knownRegions = (
				en,
				Base,
			);
			mainGroup = C7CD3D6D2198026600A2E3A0;
			productRefGroup = C7CD3D772198026600A2E3A0 /* Products */;
			projectDirPath = "";
			projectRoot = "";
			targets = (
				C7CD3D752198026600A2E3A0 /* single_view */,
			);
		};
/* End PBXProject section */

/* Begin PBXResourcesBuildPhase section */
		C7CD3D742198026600A2E3A0 /* Resources */ = {
			isa = PBXResourcesBuildPhase;
			buildActionMask = 2147483647;
			files = (
				C7CD3D892198026600A2E3A0 /* LaunchScreen.storyboard in Resources */,
				C7CD3D862198026600A2E3A0 /* Assets.xcassets in Resources */,
				C7CD3D842198026600A2E3A0 /* Main.storyboard in Resources */,
				C7CD3D912198085D00A2E3A0 /* myxib.xib in Resources */,
			);
			runOnlyForDeploymentPostprocessing = 0;
		};
/* End PBXResourcesBuildPhase section */

/* Begin PBXSourcesBuildPhase section */
		C7CD3D722198026600A2E3A0 /* Sources */ = {
			isa = PBXSourcesBuildPhase;
			buildActionMask = 2147483647;
			files = (
				C7CD3D812198026600A2E3A0 /* ViewController.m in Sources */,
				C7CD3D7E2198026600A2E3A0 /* AppDelegate.m in Sources */,
				C7CD3D942198164100A2E3A0 /* UIImageDragView.m in Sources */,
				C7CD3D7B2198026600A2E3A0 /* main.m in Sources */,
			);
			runOnlyForDeploymentPostprocessing = 0;
		};
/* End PBXSourcesBuildPhase section */

/* Begin PBXVariantGroup section */
		C7CD3D822198026600A2E3A0 /* Main.storyboard */ = {
			isa = PBXVariantGroup;
			children = (
				C7CD3D832198026600A2E3A0 /* Base */,
			);
			name = Main.storyboard;
			sourceTree = "<group>";
		};
		C7CD3D872198026600A2E3A0 /* LaunchScreen.storyboard */ = {
			isa = PBXVariantGroup;
			children = (
				C7CD3D882198026600A2E3A0 /* Base */,
			);
			name = LaunchScreen.storyboard;
			sourceTree = "<group>";
		};
/* End PBXVariantGroup section */

/* Begin XCBuildConfiguration section */
		C7CD3D8B2198026600A2E3A0 /* Debug */ = {
			isa = XCBuildConfiguration;
			buildSettings = {
				ALWAYS_SEARCH_USER_PATHS = NO;
				CLANG_ANALYZER_NONNULL = YES;
				CLANG_ANALYZER_NUMBER_OBJECT_CONVERSION = YES_AGGRESSIVE;
				CLANG_CXX_LANGUAGE_STANDARD = "gnu++0x";
				CLANG_CXX_LIBRARY = "libc++";
				CLANG_ENABLE_MODULES = YES;
				CLANG_ENABLE_OBJC_ARC = YES;
				CLANG_WARN_BOOL_CONVERSION = YES;
				CLANG_WARN_CONSTANT_CONVERSION = YES;
				CLANG_WARN_DIRECT_OBJC_ISA_USAGE = YES_ERROR;
				CLANG_WARN_DOCUMENTATION_COMMENTS = YES;
				CLANG_WARN_EMPTY_BODY = YES;
				CLANG_WARN_ENUM_CONVERSION = YES;
				CLANG_WARN_INFINITE_RECURSION = YES;
				CLANG_WARN_INT_CONVERSION = YES;
				CLANG_WARN_OBJC_ROOT_CLASS = YES_ERROR;
				CLANG_WARN_SUSPICIOUS_MOVE = YES;
				CLANG_WARN_UNREACHABLE_CODE = YES;
				CLANG_WARN__DUPLICATE_METHOD_MATCH = YES;
				"CODE_SIGN_IDENTITY[sdk=iphoneos*]" = "iPhone Developer";
				COPY_PHASE_STRIP = NO;
				DEBUG_INFORMATION_FORMAT = dwarf;
				ENABLE_STRICT_OBJC_MSGSEND = YES;
				ENABLE_TESTABILITY = YES;
				GCC_C_LANGUAGE_STANDARD = gnu99;
				GCC_DYNAMIC_NO_PIC = NO;
				GCC_NO_COMMON_BLOCKS = YES;
				GCC_OPTIMIZATION_LEVEL = 0;
				GCC_PREPROCESSOR_DEFINITIONS = (
					"DEBUG=1",
					"$(inherited)",
				);
				GCC_WARN_64_TO_32_BIT_CONVERSION = YES;
				GCC_WARN_ABOUT_RETURN_TYPE = YES_ERROR;
				GCC_WARN_UNDECLARED_SELECTOR = YES;
				GCC_WARN_UNINITIALIZED_AUTOS = YES_AGGRESSIVE;
				GCC_WARN_UNUSED_FUNCTION = YES;
				GCC_WARN_UNUSED_VARIABLE = YES;
				IPHONEOS_DEPLOYMENT_TARGET = 10.3;
				MTL_ENABLE_DEBUG_INFO = YES;
				ONLY_ACTIVE_ARCH = YES;
				SDKROOT = iphoneos;
				TARGETED_DEVICE_FAMILY = "1,2";
			};
			name = Debug;
		};
		C7CD3D8C2198026600A2E3A0 /* Release */ = {
			isa = XCBuildConfiguration;
			buildSettings = {
				ALWAYS_SEARCH_USER_PATHS = NO;
				CLANG_ANALYZER_NONNULL = YES;
				CLANG_ANALYZER_NUMBER_OBJECT_CONVERSION = YES_AGGRESSIVE;
				CLANG_CXX_LANGUAGE_STANDARD = "gnu++0x";
				CLANG_CXX_LIBRARY = "libc++";
				CLANG_ENABLE_MODULES = YES;
				CLANG_ENABLE_OBJC_ARC = YES;
				CLANG_WARN_BOOL_CONVERSION = YES;
				CLANG_WARN_CONSTANT_CONVERSION = YES;
				CLANG_WARN_DIRECT_OBJC_ISA_USAGE = YES_ERROR;
				CLANG_WARN_DOCUMENTATION_COMMENTS = YES;
				CLANG_WARN_EMPTY_BODY = YES;
				CLANG_WARN_ENUM_CONVERSION = YES;
				CLANG_WARN_INFINITE_RECURSION = YES;
				CLANG_WARN_INT_CONVERSION = YES;
				CLANG_WARN_OBJC_ROOT_CLASS = YES_ERROR;
				CLANG_WARN_SUSPICIOUS_MOVE = YES;
				CLANG_WARN_UNREACHABLE_CODE = YES;
				CLANG_WARN__DUPLICATE_METHOD_MATCH = YES;
				"CODE_SIGN_IDENTITY[sdk=iphoneos*]" = "iPhone Developer";
				COPY_PHASE_STRIP = NO;
				DEBUG_INFORMATION_FORMAT = "dwarf-with-dsym";
				ENABLE_NS_ASSERTIONS = NO;
				ENABLE_STRICT_OBJC_MSGSEND = YES;
				GCC_C_LANGUAGE_STANDARD = gnu99;
				GCC_NO_COMMON_BLOCKS = YES;
				GCC_WARN_64_TO_32_BIT_CONVERSION = YES;
				GCC_WARN_ABOUT_RETURN_TYPE = YES_ERROR;
				GCC_WARN_UNDECLARED_SELECTOR = YES;
				GCC_WARN_UNINITIALIZED_AUTOS = YES_AGGRESSIVE;
				GCC_WARN_UNUSED_FUNCTION = YES;
				GCC_WARN_UNUSED_VARIABLE = YES;
				IPHONEOS_DEPLOYMENT_TARGET = 10.3;
				MTL_ENABLE_DEBUG_INFO = NO;
				SDKROOT = iphoneos;
				TARGETED_DEVICE_FAMILY = "1,2";
				VALIDATE_PRODUCT = YES;
			};
			name = Release;
		};
		C7CD3D8E2198026600A2E3A0 /* Debug */ = {
			isa = XCBuildConfiguration;
			buildSettings = {
				ASSETCATALOG_COMPILER_APPICON_NAME = AppIcon;
				INFOPLIST_FILE = single_view/Info.plist;
				LD_RUNPATH_SEARCH_PATHS = "$(inherited) @executable_path/Frameworks";
				PRODUCT_BUNDLE_IDENTIFIER = "com.ccteam.snigle-view";
				PRODUCT_NAME = "$(TARGET_NAME)";
			};
			name = Debug;
		};
		C7CD3D8F2198026600A2E3A0 /* Release */ = {
			isa = XCBuildConfiguration;
			buildSettings = {
				ASSETCATALOG_COMPILER_APPICON_NAME = AppIcon;
				INFOPLIST_FILE = single_view/Info.plist;
				LD_RUNPATH_SEARCH_PATHS = "$(inherited) @executable_path/Frameworks";
				PRODUCT_BUNDLE_IDENTIFIER = "com.ccteam.snigle-view";
				PRODUCT_NAME = "$(TARGET_NAME)";
			};
			name = Release;
		};
/* End XCBuildConfiguration section */

/* Begin XCConfigurationList section */
		C7CD3D712198026600A2E3A0 /* Build configuration list for PBXProject "single_view" */ = {
			isa = XCConfigurationList;
			buildConfigurations = (
				C7CD3D8B2198026600A2E3A0 /* Debug */,
				C7CD3D8C2198026600A2E3A0 /* Release */,
			);
			defaultConfigurationIsVisible = 0;
			defaultConfigurationName = Release;
		};
		C7CD3D8D2198026600A2E3A0 /* Build configuration list for PBXNativeTarget "single_view" */ = {
			isa = XCConfigurationList;
			buildConfigurations = (
				C7CD3D8E2198026600A2E3A0 /* Debug */,
				C7CD3D8F2198026600A2E3A0 /* Release */,
			);
			defaultConfigurationIsVisible = 0;
			defaultConfigurationName = Release;
		};
/* End XCConfigurationList section */
	};
	rootObject = C7CD3D6E2198026600A2E3A0 /* Project object */;
}
