// !$*UTF8*$!
{
	archiveVersion = 1;
	classes = {
	};
	objectVersion = 46;
	objects = {

/* Begin PBXBuildFile section */
		C7337B5B221C4F950036705F /* first_nasm.nasm in Sources */ = {isa = PBXBuildFile; fileRef = C7337B55221C45C20036705F /* first_nasm.nasm */; };
		C7EB310517A37BFB0035625E /* asm.1 in CopyFiles */ = {isa = PBXBuildFile; fileRef = C7EB310417A37BFB0035625E /* asm.1 */; };
/* End PBXBuildFile section */

/* Begin PBXCopyFilesBuildPhase section */
		C7EB30FD17A37BFB0035625E /* CopyFiles */ = {
			isa = PBXCopyFilesBuildPhase;
			buildActionMask = 8;
			dstPath = /usr/share/man/man1/;
			dstSubfolderSpec = 0;
			files = (
				C7EB310517A37BFB0035625E /* asm.1 in CopyFiles */,
			);
			runOnlyForDeploymentPostprocessing = 1;
		};
/* End PBXCopyFilesBuildPhase section */

/* Begin PBXFileReference section */
		C7337B55221C45C20036705F /* first_nasm.nasm */ = {isa = PBXFileReference; fileEncoding = 4; lastKnownFileType = sourcecode.nasm; path = first_nasm.nasm; sourceTree = "<group>"; };
		C7337B56221C45C20036705F /* first.nasm */ = {isa = PBXFileReference; fileEncoding = 4; lastKnownFileType = sourcecode.nasm; path = first.nasm; sourceTree = "<group>"; };
		C7EB30FF17A37BFB0035625E /* asm */ = {isa = PBXFileReference; explicitFileType = "compiled.mach-o.executable"; includeInIndex = 0; path = asm; sourceTree = BUILT_PRODUCTS_DIR; };
		C7EB310217A37BFB0035625E /* main.c */ = {isa = PBXFileReference; lastKnownFileType = sourcecode.c.c; path = main.c; sourceTree = "<group>"; };
		C7EB310417A37BFB0035625E /* asm.1 */ = {isa = PBXFileReference; lastKnownFileType = text.man; path = asm.1; sourceTree = "<group>"; };
/* End PBXFileReference section */

/* Begin PBXFrameworksBuildPhase section */
		C7EB30FC17A37BFB0035625E /* Frameworks */ = {
			isa = PBXFrameworksBuildPhase;
			buildActionMask = 2147483647;
			files = (
			);
			runOnlyForDeploymentPostprocessing = 0;
		};
/* End PBXFrameworksBuildPhase section */

/* Begin PBXGroup section */
		C7EB30F617A37BFB0035625E = {
			isa = PBXGroup;
			children = (
				C7EB310117A37BFB0035625E /* asm */,
				C7EB310017A37BFB0035625E /* Products */,
			);
			sourceTree = "<group>";
		};
		C7EB310017A37BFB0035625E /* Products */ = {
			isa = PBXGroup;
			children = (
				C7EB30FF17A37BFB0035625E /* asm */,
			);
			name = Products;
			sourceTree = "<group>";
		};
		C7EB310117A37BFB0035625E /* asm */ = {
			isa = PBXGroup;
			children = (
				C7337B55221C45C20036705F /* first_nasm.nasm */,
				C7337B56221C45C20036705F /* first.nasm */,
				C7EB310217A37BFB0035625E /* main.c */,
				C7EB310417A37BFB0035625E /* asm.1 */,
			);
			path = asm;
			sourceTree = "<group>";
		};
/* End PBXGroup section */

/* Begin PBXNativeTarget section */
		C7EB30FE17A37BFB0035625E /* asm */ = {
			isa = PBXNativeTarget;
			buildConfigurationList = C7EB310817A37BFB0035625E /* Build configuration list for PBXNativeTarget "asm" */;
			buildPhases = (
				C7EB30FB17A37BFB0035625E /* Sources */,
				C7EB30FC17A37BFB0035625E /* Frameworks */,
				C7EB30FD17A37BFB0035625E /* CopyFiles */,
				C7337B59221C47330036705F /* ShellScript */,
			);
			buildRules = (
			);
			dependencies = (
			);
			name = asm;
			productName = asm;
			productReference = C7EB30FF17A37BFB0035625E /* asm */;
			productType = "com.apple.product-type.tool";
		};
/* End PBXNativeTarget section */

/* Begin PBXProject section */
		C7EB30F717A37BFB0035625E /* Project object */ = {
			isa = PBXProject;
			attributes = {
				LastUpgradeCheck = 0460;
				ORGANIZATIONNAME = ccteam;
			};
			buildConfigurationList = C7EB30FA17A37BFB0035625E /* Build configuration list for PBXProject "asm" */;
			compatibilityVersion = "Xcode 3.2";
			developmentRegion = English;
			hasScannedForEncodings = 0;
			knownRegions = (
				en,
			);
			mainGroup = C7EB30F617A37BFB0035625E;
			productRefGroup = C7EB310017A37BFB0035625E /* Products */;
			projectDirPath = "";
			projectRoot = "";
			targets = (
				C7EB30FE17A37BFB0035625E /* asm */,
			);
		};
/* End PBXProject section */

/* Begin PBXShellScriptBuildPhase section */
		C7337B59221C47330036705F /* ShellScript */ = {
			isa = PBXShellScriptBuildPhase;
			buildActionMask = 12;
			files = (
			);
			inputPaths = (
			);
			outputPaths = (
			);
			runOnlyForDeploymentPostprocessing = 0;
			shellPath = /bin/sh;
			shellScript = "nasm -g -f macho ${SRCROOT}/asm/first_nasm.nasm\nld -e _main -lSystem -o ${BUILD_DIR}/${CONFIGURATION}/asm ${SRCROOT}/asm/first_nasm.o";
		};
/* End PBXShellScriptBuildPhase section */

/* Begin PBXSourcesBuildPhase section */
		C7EB30FB17A37BFB0035625E /* Sources */ = {
			isa = PBXSourcesBuildPhase;
			buildActionMask = 2147483647;
			files = (
				C7337B5B221C4F950036705F /* first_nasm.nasm in Sources */,
			);
			runOnlyForDeploymentPostprocessing = 0;
		};
/* End PBXSourcesBuildPhase section */

/* Begin XCBuildConfiguration section */
		C7EB310617A37BFB0035625E /* Debug */ = {
			isa = XCBuildConfiguration;
			buildSettings = {
				ALWAYS_SEARCH_USER_PATHS = NO;
				ARCHS = "$(ARCHS_STANDARD_64_BIT)";
				CLANG_CXX_LANGUAGE_STANDARD = "gnu++0x";
				CLANG_CXX_LIBRARY = "libc++";
				CLANG_WARN_CONSTANT_CONVERSION = YES;
				CLANG_WARN_EMPTY_BODY = YES;
				CLANG_WARN_ENUM_CONVERSION = YES;
				CLANG_WARN_INT_CONVERSION = YES;
				CLANG_WARN__DUPLICATE_METHOD_MATCH = YES;
				COPY_PHASE_STRIP = NO;
				GCC_C_LANGUAGE_STANDARD = gnu99;
				GCC_DYNAMIC_NO_PIC = NO;
				GCC_ENABLE_OBJC_EXCEPTIONS = YES;
				GCC_OPTIMIZATION_LEVEL = 0;
				GCC_PREPROCESSOR_DEFINITIONS = (
					"DEBUG=1",
					"$(inherited)",
				);
				GCC_SYMBOLS_PRIVATE_EXTERN = NO;
				GCC_WARN_64_TO_32_BIT_CONVERSION = YES;
				GCC_WARN_ABOUT_RETURN_TYPE = YES;
				GCC_WARN_UNINITIALIZED_AUTOS = YES;
				GCC_WARN_UNUSED_VARIABLE = YES;
				"INFOPLIST_FILE[sdk=*]" = "";
				MACOSX_DEPLOYMENT_TARGET = 10.8;
				ONLY_ACTIVE_ARCH = YES;
				SDKROOT = macosx;
			};
			name = Debug;
		};
		C7EB310717A37BFB0035625E /* Release */ = {
			isa = XCBuildConfiguration;
			buildSettings = {
				ALWAYS_SEARCH_USER_PATHS = NO;
				ARCHS = "$(ARCHS_STANDARD_64_BIT)";
				CLANG_CXX_LANGUAGE_STANDARD = "gnu++0x";
				CLANG_CXX_LIBRARY = "libc++";
				CLANG_WARN_CONSTANT_CONVERSION = YES;
				CLANG_WARN_EMPTY_BODY = YES;
				CLANG_WARN_ENUM_CONVERSION = YES;
				CLANG_WARN_INT_CONVERSION = YES;
				CLANG_WARN__DUPLICATE_METHOD_MATCH = YES;
				COPY_PHASE_STRIP = YES;
				DEBUG_INFORMATION_FORMAT = "dwarf-with-dsym";
				GCC_C_LANGUAGE_STANDARD = gnu99;
				GCC_ENABLE_OBJC_EXCEPTIONS = YES;
				GCC_WARN_64_TO_32_BIT_CONVERSION = YES;
				GCC_WARN_ABOUT_RETURN_TYPE = YES;
				GCC_WARN_UNINITIALIZED_AUTOS = YES;
				GCC_WARN_UNUSED_VARIABLE = YES;
				MACOSX_DEPLOYMENT_TARGET = 10.8;
				SDKROOT = macosx;
			};
			name = Release;
		};
		C7EB310917A37BFB0035625E /* Debug */ = {
			isa = XCBuildConfiguration;
			buildSettings = {
				ARCHS = "$(ARCHS_STANDARD_32_BIT)";
				PRODUCT_NAME = "$(TARGET_NAME)";
			};
			name = Debug;
		};
		C7EB310A17A37BFB0035625E /* Release */ = {
			isa = XCBuildConfiguration;
			buildSettings = {
				ARCHS = "$(ARCHS_STANDARD_32_BIT)";
				PRODUCT_NAME = "$(TARGET_NAME)";
			};
			name = Release;
		};
/* End XCBuildConfiguration section */

/* Begin XCConfigurationList section */
		C7EB30FA17A37BFB0035625E /* Build configuration list for PBXProject "asm" */ = {
			isa = XCConfigurationList;
			buildConfigurations = (
				C7EB310617A37BFB0035625E /* Debug */,
				C7EB310717A37BFB0035625E /* Release */,
			);
			defaultConfigurationIsVisible = 0;
			defaultConfigurationName = Release;
		};
		C7EB310817A37BFB0035625E /* Build configuration list for PBXNativeTarget "asm" */ = {
			isa = XCConfigurationList;
			buildConfigurations = (
				C7EB310917A37BFB0035625E /* Debug */,
				C7EB310A17A37BFB0035625E /* Release */,
			);
			defaultConfigurationIsVisible = 0;
			defaultConfigurationName = Release;
		};
/* End XCConfigurationList section */
	};
	rootObject = C7EB30F717A37BFB0035625E /* Project object */;
}
