// !$*UTF8*$!
{
	archiveVersion = 1;
	classes = {
	};
	objectVersion = 48;
	objects = {

/* Begin PBXBuildFile section */
		C7337B79222A2A960036705F /* test_cal_2_n.c in Sources */ = {isa = PBXBuildFile; fileRef = C7337B6B222A29D50036705F /* test_cal_2_n.c */; };
		C7337B8C222A3A450036705F /* cal_2_n.asm in Sources */ = {isa = PBXBuildFile; fileRef = C7337B6A222A29D50036705F /* cal_2_n.asm */; };
		C7337B8D222A3A480036705F /* test_cal_2_n.c in Sources */ = {isa = PBXBuildFile; fileRef = C7337B6B222A29D50036705F /* test_cal_2_n.c */; };
		C7EB310517A37BFB0035625E /* asm.1 in CopyFiles */ = {isa = PBXBuildFile; fileRef = C7EB310417A37BFB0035625E /* asm.1 */; };
/* End PBXBuildFile section */

/* Begin PBXCopyFilesBuildPhase section */
		C7337B70222A2A760036705F /* CopyFiles */ = {
			isa = PBXCopyFilesBuildPhase;
			buildActionMask = 2147483647;
			dstPath = /usr/share/man/man1/;
			dstSubfolderSpec = 0;
			files = (
			);
			runOnlyForDeploymentPostprocessing = 1;
		};
		C7337B83222A3A390036705F /* CopyFiles */ = {
			isa = PBXCopyFilesBuildPhase;
			buildActionMask = 2147483647;
			dstPath = /usr/share/man/man1/;
			dstSubfolderSpec = 0;
			files = (
			);
			runOnlyForDeploymentPostprocessing = 1;
		};
		C7EB30FD17A37BFB0035625E /* CopyFiles */ = {
			isa = PBXCopyFilesBuildPhase;
			buildActionMask = 8;
			dstPath = /usr/share/man/man1/;
			dstSubfolderSpec = 0;
			files = (
				C7EB310517A37BFB0035625E /* asm.1 in CopyFiles */,
			);
			runOnlyForDeploymentPostprocessing = 1;
		};
/* End PBXCopyFilesBuildPhase section */

/* Begin PBXFileReference section */
		C7337B55221C45C20036705F /* first_nasm.S */ = {isa = PBXFileReference; explicitFileType = sourcecode.nasm; fileEncoding = 4; path = first_nasm.S; sourceTree = "<group>"; xcLanguageSpecificationIdentifier = xcode.lang.asm.i386; };
		C7337B56221C45C20036705F /* first.nasm */ = {isa = PBXFileReference; fileEncoding = 4; lastKnownFileType = sourcecode.nasm; path = first.nasm; sourceTree = "<group>"; };
		C7337B5E222121130036705F /* test.S */ = {isa = PBXFileReference; explicitFileType = sourcecode.nasm; fileEncoding = 4; path = test.S; sourceTree = "<group>"; };
		C7337B60222127600036705F /* test.inc */ = {isa = PBXFileReference; explicitFileType = sourcecode.nasm; fileEncoding = 4; path = test.inc; sourceTree = "<group>"; xcLanguageSpecificationIdentifier = xcode.lang.asm.i386; };
		C7337B6A222A29D50036705F /* cal_2_n.asm */ = {isa = PBXFileReference; explicitFileType = sourcecode.nasm; path = cal_2_n.asm; sourceTree = "<group>"; };
		C7337B6B222A29D50036705F /* test_cal_2_n.c */ = {isa = PBXFileReference; fileEncoding = 4; lastKnownFileType = sourcecode.c.c; path = test_cal_2_n.c; sourceTree = "<group>"; };
		C7337B72222A2A760036705F /* cal_2_n_timing */ = {isa = PBXFileReference; explicitFileType = "compiled.mach-o.executable"; includeInIndex = 0; path = cal_2_n_timing; sourceTree = BUILT_PRODUCTS_DIR; };
		C7337B85222A3A390036705F /* cal_2_n_timing_asm */ = {isa = PBXFileReference; explicitFileType = "compiled.mach-o.executable"; includeInIndex = 0; path = cal_2_n_timing_asm; sourceTree = BUILT_PRODUCTS_DIR; };
		C7EB30FF17A37BFB0035625E /* asm */ = {isa = PBXFileReference; explicitFileType = "compiled.mach-o.executable"; includeInIndex = 0; path = asm; sourceTree = BUILT_PRODUCTS_DIR; };
		C7EB310217A37BFB0035625E /* main.c */ = {isa = PBXFileReference; lastKnownFileType = sourcecode.c.c; path = main.c; sourceTree = "<group>"; };
		C7EB310417A37BFB0035625E /* asm.1 */ = {isa = PBXFileReference; lastKnownFileType = text.man; path = asm.1; sourceTree = "<group>"; };
/* End PBXFileReference section */

/* Begin PBXFrameworksBuildPhase section */
		C7337B6F222A2A760036705F /* Frameworks */ = {
			isa = PBXFrameworksBuildPhase;
			buildActionMask = 2147483647;
			files = (
			);
			runOnlyForDeploymentPostprocessing = 0;
		};
		C7337B82222A3A390036705F /* Frameworks */ = {
			isa = PBXFrameworksBuildPhase;
			buildActionMask = 2147483647;
			files = (
			);
			runOnlyForDeploymentPostprocessing = 0;
		};
		C7EB30FC17A37BFB0035625E /* Frameworks */ = {
			isa = PBXFrameworksBuildPhase;
			buildActionMask = 2147483647;
			files = (
			);
			runOnlyForDeploymentPostprocessing = 0;
		};
/* End PBXFrameworksBuildPhase section */

/* Begin PBXGroup section */
		C7337B73222A2A760036705F /* cal_2_n_timing */ = {
			isa = PBXGroup;
			children = (
			);
			path = cal_2_n_timing;
			sourceTree = "<group>";
		};
		C7337B86222A3A390036705F /* cal_2_n_timing_asm */ = {
			isa = PBXGroup;
			children = (
			);
			path = cal_2_n_timing_asm;
			sourceTree = "<group>";
		};
		C7EB30F617A37BFB0035625E = {
			isa = PBXGroup;
			children = (
				C7EB310117A37BFB0035625E /* asm */,
				C7337B73222A2A760036705F /* cal_2_n_timing */,
				C7337B86222A3A390036705F /* cal_2_n_timing_asm */,
				C7EB310017A37BFB0035625E /* Products */,
			);
			sourceTree = "<group>";
		};
		C7EB310017A37BFB0035625E /* Products */ = {
			isa = PBXGroup;
			children = (
				C7EB30FF17A37BFB0035625E /* asm */,
				C7337B72222A2A760036705F /* cal_2_n_timing */,
				C7337B85222A3A390036705F /* cal_2_n_timing_asm */,
			);
			name = Products;
			sourceTree = "<group>";
		};
		C7EB310117A37BFB0035625E /* asm */ = {
			isa = PBXGroup;
			children = (
				C7337B6A222A29D50036705F /* cal_2_n.asm */,
				C7337B6B222A29D50036705F /* test_cal_2_n.c */,
				C7337B60222127600036705F /* test.inc */,
				C7337B5E222121130036705F /* test.S */,
				C7337B55221C45C20036705F /* first_nasm.S */,
				C7337B56221C45C20036705F /* first.nasm */,
				C7EB310217A37BFB0035625E /* main.c */,
				C7EB310417A37BFB0035625E /* asm.1 */,
			);
			path = asm;
			sourceTree = "<group>";
		};
/* End PBXGroup section */

/* Begin PBXNativeTarget section */
		C7337B71222A2A760036705F /* cal_2_n_timing */ = {
			isa = PBXNativeTarget;
			buildConfigurationList = C7337B76222A2A760036705F /* Build configuration list for PBXNativeTarget "cal_2_n_timing" */;
			buildPhases = (
				C7337B6E222A2A760036705F /* Sources */,
				C7337B6F222A2A760036705F /* Frameworks */,
				C7337B70222A2A760036705F /* CopyFiles */,
			);
			buildRules = (
			);
			dependencies = (
			);
			name = cal_2_n_timing;
			productName = cal_2_n_timing;
			productReference = C7337B72222A2A760036705F /* cal_2_n_timing */;
			productType = "com.apple.product-type.tool";
		};
		C7337B84222A3A390036705F /* cal_2_n_timing_asm */ = {
			isa = PBXNativeTarget;
			buildConfigurationList = C7337B89222A3A390036705F /* Build configuration list for PBXNativeTarget "cal_2_n_timing_asm" */;
			buildPhases = (
				C7337B81222A3A390036705F /* Sources */,
				C7337B82222A3A390036705F /* Frameworks */,
				C7337B83222A3A390036705F /* CopyFiles */,
			);
			buildRules = (
			);
			dependencies = (
			);
			name = cal_2_n_timing_asm;
			productName = cal_2_n_timing_asm;
			productReference = C7337B85222A3A390036705F /* cal_2_n_timing_asm */;
			productType = "com.apple.product-type.tool";
		};
		C7EB30FE17A37BFB0035625E /* asm */ = {
			isa = PBXNativeTarget;
			buildConfigurationList = C7EB310817A37BFB0035625E /* Build configuration list for PBXNativeTarget "asm" */;
			buildPhases = (
				C7337B6322212EEA0036705F /* ShellScript */,
				C7337B59221C47330036705F /* ShellScript */,
				C7EB30FB17A37BFB0035625E /* Sources */,
				C7EB30FC17A37BFB0035625E /* Frameworks */,
				C7EB30FD17A37BFB0035625E /* CopyFiles */,
			);
			buildRules = (
			);
			dependencies = (
			);
			name = asm;
			productName = asm;
			productReference = C7EB30FF17A37BFB0035625E /* asm */;
			productType = "com.apple.product-type.tool";
		};
/* End PBXNativeTarget section */

/* Begin PBXProject section */
		C7EB30F717A37BFB0035625E /* Project object */ = {
			isa = PBXProject;
			attributes = {
				LastUpgradeCheck = 0460;
				ORGANIZATIONNAME = ccteam;
				TargetAttributes = {
					C7337B71222A2A760036705F = {
						CreatedOnToolsVersion = 8.3.3;
						ProvisioningStyle = Automatic;
					};
					C7337B84222A3A390036705F = {
						CreatedOnToolsVersion = 8.3.3;
						ProvisioningStyle = Automatic;
					};
				};
			};
			buildConfigurationList = C7EB30FA17A37BFB0035625E /* Build configuration list for PBXProject "asm" */;
			compatibilityVersion = "Xcode 8.0";
			developmentRegion = English;
			hasScannedForEncodings = 0;
			knownRegions = (
				en,
			);
			mainGroup = C7EB30F617A37BFB0035625E;
			productRefGroup = C7EB310017A37BFB0035625E /* Products */;
			projectDirPath = "";
			projectRoot = "";
			targets = (
				C7EB30FE17A37BFB0035625E /* asm */,
				C7337B71222A2A760036705F /* cal_2_n_timing */,
				C7337B84222A3A390036705F /* cal_2_n_timing_asm */,
			);
		};
/* End PBXProject section */

/* Begin PBXShellScriptBuildPhase section */
		C7337B59221C47330036705F /* ShellScript */ = {
			isa = PBXShellScriptBuildPhase;
			buildActionMask = 8;
			files = (
			);
			inputPaths = (
			);
			outputPaths = (
			);
			runOnlyForDeploymentPostprocessing = 1;
			shellPath = /bin/sh;
			shellScript = "nasm -g -f macho ${SRCROOT}/asm/first_nasm.nasm\nld -e _main -lSystem -o ${BUILD_DIR}/${CONFIGURATION}/asm ${SRCROOT}/asm/first_nasm.o";
		};
		C7337B6322212EEA0036705F /* ShellScript */ = {
			isa = PBXShellScriptBuildPhase;
			buildActionMask = 2147483647;
			files = (
			);
			inputPaths = (
			);
			outputPaths = (
			);
			runOnlyForDeploymentPostprocessing = 0;
			shellPath = /bin/sh;
			shellScript = "rm -rf ${OBJECT_FILE_DIR_normal}/${ARCHS}/*.o\n#rm -rf ${CONFIGURATION_BUILD_DIR}";
		};
/* End PBXShellScriptBuildPhase section */

/* Begin PBXSourcesBuildPhase section */
		C7337B6E222A2A760036705F /* Sources */ = {
			isa = PBXSourcesBuildPhase;
			buildActionMask = 2147483647;
			files = (
				C7337B79222A2A960036705F /* test_cal_2_n.c in Sources */,
			);
			runOnlyForDeploymentPostprocessing = 0;
		};
		C7337B81222A3A390036705F /* Sources */ = {
			isa = PBXSourcesBuildPhase;
			buildActionMask = 2147483647;
			files = (
				C7337B8D222A3A480036705F /* test_cal_2_n.c in Sources */,
				C7337B8C222A3A450036705F /* cal_2_n.asm in Sources */,
			);
			runOnlyForDeploymentPostprocessing = 0;
		};
		C7EB30FB17A37BFB0035625E /* Sources */ = {
			isa = PBXSourcesBuildPhase;
			buildActionMask = 2147483647;
			files = (
			);
			runOnlyForDeploymentPostprocessing = 0;
		};
/* End PBXSourcesBuildPhase section */

/* Begin XCBuildConfiguration section */
		C7337B77222A2A760036705F /* Debug */ = {
			isa = XCBuildConfiguration;
			buildSettings = {
				ARCHS = "$(ARCHS_STANDARD_32_BIT)";
				CLANG_ANALYZER_NONNULL = YES;
				CLANG_ANALYZER_NUMBER_OBJECT_CONVERSION = YES_AGGRESSIVE;
				CLANG_ENABLE_MODULES = YES;
				CLANG_ENABLE_OBJC_ARC = YES;
				CLANG_WARN_BOOL_CONVERSION = YES;
				CLANG_WARN_DIRECT_OBJC_ISA_USAGE = YES_ERROR;
				CLANG_WARN_DOCUMENTATION_COMMENTS = YES;
				CLANG_WARN_INFINITE_RECURSION = YES;
				CLANG_WARN_OBJC_ROOT_CLASS = YES_ERROR;
				CLANG_WARN_SUSPICIOUS_MOVE = YES;
				CLANG_WARN_UNREACHABLE_CODE = YES;
				CODE_SIGN_IDENTITY = "-";
				DEBUG_INFORMATION_FORMAT = dwarf;
				ENABLE_STRICT_OBJC_MSGSEND = YES;
				ENABLE_TESTABILITY = YES;
				GCC_NO_COMMON_BLOCKS = YES;
				GCC_WARN_ABOUT_RETURN_TYPE = YES_ERROR;
				GCC_WARN_UNDECLARED_SELECTOR = YES;
				GCC_WARN_UNINITIALIZED_AUTOS = YES_AGGRESSIVE;
				GCC_WARN_UNUSED_FUNCTION = YES;
				MACOSX_DEPLOYMENT_TARGET = 10.12;
				MTL_ENABLE_DEBUG_INFO = YES;
				PRODUCT_NAME = "$(TARGET_NAME)";
			};
			name = Debug;
		};
		C7337B78222A2A760036705F /* Release */ = {
			isa = XCBuildConfiguration;
			buildSettings = {
				ARCHS = "$(ARCHS_STANDARD_32_BIT)";
				CLANG_ANALYZER_NONNULL = YES;
				CLANG_ANALYZER_NUMBER_OBJECT_CONVERSION = YES_AGGRESSIVE;
				CLANG_ENABLE_MODULES = YES;
				CLANG_ENABLE_OBJC_ARC = YES;
				CLANG_WARN_BOOL_CONVERSION = YES;
				CLANG_WARN_DIRECT_OBJC_ISA_USAGE = YES_ERROR;
				CLANG_WARN_DOCUMENTATION_COMMENTS = YES;
				CLANG_WARN_INFINITE_RECURSION = YES;
				CLANG_WARN_OBJC_ROOT_CLASS = YES_ERROR;
				CLANG_WARN_SUSPICIOUS_MOVE = YES;
				CLANG_WARN_UNREACHABLE_CODE = YES;
				CODE_SIGN_IDENTITY = "-";
				COPY_PHASE_STRIP = NO;
				ENABLE_NS_ASSERTIONS = NO;
				ENABLE_STRICT_OBJC_MSGSEND = YES;
				GCC_NO_COMMON_BLOCKS = YES;
				GCC_OPTIMIZATION_LEVEL = fast;
				GCC_WARN_ABOUT_RETURN_TYPE = YES_ERROR;
				GCC_WARN_UNDECLARED_SELECTOR = YES;
				GCC_WARN_UNINITIALIZED_AUTOS = YES_AGGRESSIVE;
				GCC_WARN_UNUSED_FUNCTION = YES;
				MACOSX_DEPLOYMENT_TARGET = 10.12;
				MTL_ENABLE_DEBUG_INFO = NO;
				PRODUCT_NAME = "$(TARGET_NAME)";
			};
			name = Release;
		};
		C7337B8A222A3A390036705F /* Debug */ = {
			isa = XCBuildConfiguration;
			buildSettings = {
				ARCHS = "$(ARCHS_STANDARD_32_BIT)";
				CLANG_ANALYZER_NONNULL = YES;
				CLANG_ANALYZER_NUMBER_OBJECT_CONVERSION = YES_AGGRESSIVE;
				CLANG_ENABLE_MODULES = YES;
				CLANG_ENABLE_OBJC_ARC = YES;
				CLANG_WARN_BOOL_CONVERSION = YES;
				CLANG_WARN_DIRECT_OBJC_ISA_USAGE = YES_ERROR;
				CLANG_WARN_DOCUMENTATION_COMMENTS = YES;
				CLANG_WARN_INFINITE_RECURSION = YES;
				CLANG_WARN_OBJC_ROOT_CLASS = YES_ERROR;
				CLANG_WARN_SUSPICIOUS_MOVE = YES;
				CLANG_WARN_UNREACHABLE_CODE = YES;
				CODE_SIGN_IDENTITY = "-";
				DEBUG_INFORMATION_FORMAT = dwarf;
				ENABLE_STRICT_OBJC_MSGSEND = YES;
				ENABLE_TESTABILITY = YES;
				GCC_NO_COMMON_BLOCKS = YES;
				GCC_PREPROCESSOR_DEFINITIONS = (
					"DEBUG=1",
					USE_ASM_INLINED_OPTIMIZED,
					"$(inherited)",
				);
				"GCC_PREPROCESSOR_DEFINITIONS[arch=*]" = "";
				GCC_WARN_ABOUT_RETURN_TYPE = YES_ERROR;
				GCC_WARN_UNDECLARED_SELECTOR = YES;
				GCC_WARN_UNINITIALIZED_AUTOS = YES_AGGRESSIVE;
				GCC_WARN_UNUSED_FUNCTION = YES;
				MACOSX_DEPLOYMENT_TARGET = 10.13;
				MTL_ENABLE_DEBUG_INFO = YES;
				PRODUCT_NAME = "$(TARGET_NAME)";
			};
			name = Debug;
		};
		C7337B8B222A3A390036705F /* Release */ = {
			isa = XCBuildConfiguration;
			buildSettings = {
				ARCHS = "$(ARCHS_STANDARD_32_BIT)";
				CLANG_ANALYZER_NONNULL = YES;
				CLANG_ANALYZER_NUMBER_OBJECT_CONVERSION = YES_AGGRESSIVE;
				CLANG_ENABLE_MODULES = YES;
				CLANG_ENABLE_OBJC_ARC = YES;
				CLANG_WARN_BOOL_CONVERSION = YES;
				CLANG_WARN_DIRECT_OBJC_ISA_USAGE = YES_ERROR;
				CLANG_WARN_DOCUMENTATION_COMMENTS = YES;
				CLANG_WARN_INFINITE_RECURSION = YES;
				CLANG_WARN_OBJC_ROOT_CLASS = YES_ERROR;
				CLANG_WARN_SUSPICIOUS_MOVE = YES;
				CLANG_WARN_UNREACHABLE_CODE = YES;
				CODE_SIGN_IDENTITY = "-";
				COPY_PHASE_STRIP = NO;
				ENABLE_NS_ASSERTIONS = NO;
				ENABLE_STRICT_OBJC_MSGSEND = YES;
				GCC_NO_COMMON_BLOCKS = YES;
				GCC_OPTIMIZATION_LEVEL = fast;
				GCC_PREPROCESSOR_DEFINITIONS = (
					"DEBUG=1",
					USE_ASM_INLINED_OPTIMIZED,
				);
				GCC_WARN_ABOUT_RETURN_TYPE = YES_ERROR;
				GCC_WARN_UNDECLARED_SELECTOR = YES;
				GCC_WARN_UNINITIALIZED_AUTOS = YES_AGGRESSIVE;
				GCC_WARN_UNUSED_FUNCTION = YES;
				MACOSX_DEPLOYMENT_TARGET = 10.13;
				MTL_ENABLE_DEBUG_INFO = NO;
				PRODUCT_NAME = "$(TARGET_NAME)";
			};
			name = Release;
		};
		C7EB310617A37BFB0035625E /* Debug */ = {
			isa = XCBuildConfiguration;
			buildSettings = {
				ALWAYS_SEARCH_USER_PATHS = NO;
				ARCHS = "$(ARCHS_STANDARD_64_BIT)";
				CLANG_CXX_LANGUAGE_STANDARD = "gnu++0x";
				CLANG_CXX_LIBRARY = "libc++";
				CLANG_WARN_CONSTANT_CONVERSION = YES;
				CLANG_WARN_EMPTY_BODY = YES;
				CLANG_WARN_ENUM_CONVERSION = YES;
				CLANG_WARN_INT_CONVERSION = YES;
				CLANG_WARN__DUPLICATE_METHOD_MATCH = YES;
				COPY_PHASE_STRIP = NO;
				GCC_C_LANGUAGE_STANDARD = gnu99;
				GCC_DYNAMIC_NO_PIC = NO;
				GCC_ENABLE_OBJC_EXCEPTIONS = YES;
				GCC_OPTIMIZATION_LEVEL = 0;
				GCC_PREPROCESSOR_DEFINITIONS = (
					"DEBUG=1",
					"$(inherited)",
				);
				GCC_SYMBOLS_PRIVATE_EXTERN = NO;
				GCC_WARN_64_TO_32_BIT_CONVERSION = YES;
				GCC_WARN_ABOUT_RETURN_TYPE = YES;
				GCC_WARN_UNINITIALIZED_AUTOS = YES;
				GCC_WARN_UNUSED_VARIABLE = YES;
				"INFOPLIST_FILE[sdk=*]" = "";
				LD_NO_PIE = YES;
				MACOSX_DEPLOYMENT_TARGET = 10.12;
				ONLY_ACTIVE_ARCH = YES;
				SDKROOT = macosx;
			};
			name = Debug;
		};
		C7EB310717A37BFB0035625E /* Release */ = {
			isa = XCBuildConfiguration;
			buildSettings = {
				ALWAYS_SEARCH_USER_PATHS = NO;
				ARCHS = "$(ARCHS_STANDARD_64_BIT)";
				CLANG_CXX_LANGUAGE_STANDARD = "gnu++0x";
				CLANG_CXX_LIBRARY = "libc++";
				CLANG_WARN_CONSTANT_CONVERSION = YES;
				CLANG_WARN_EMPTY_BODY = YES;
				CLANG_WARN_ENUM_CONVERSION = YES;
				CLANG_WARN_INT_CONVERSION = YES;
				CLANG_WARN__DUPLICATE_METHOD_MATCH = YES;
				COPY_PHASE_STRIP = YES;
				DEBUG_INFORMATION_FORMAT = "dwarf-with-dsym";
				GCC_C_LANGUAGE_STANDARD = gnu99;
				GCC_ENABLE_OBJC_EXCEPTIONS = YES;
				GCC_WARN_64_TO_32_BIT_CONVERSION = YES;
				GCC_WARN_ABOUT_RETURN_TYPE = YES;
				GCC_WARN_UNINITIALIZED_AUTOS = YES;
				GCC_WARN_UNUSED_VARIABLE = YES;
				LD_NO_PIE = YES;
				MACOSX_DEPLOYMENT_TARGET = 10.12;
				SDKROOT = macosx;
			};
			name = Release;
		};
		C7EB310917A37BFB0035625E /* Debug */ = {
			isa = XCBuildConfiguration;
			buildSettings = {
				ARCHS = "$(ARCHS_STANDARD_32_BIT)";
				MACOSX_DEPLOYMENT_TARGET = 10.8;
				PRODUCT_NAME = "$(TARGET_NAME)";
			};
			name = Debug;
		};
		C7EB310A17A37BFB0035625E /* Release */ = {
			isa = XCBuildConfiguration;
			buildSettings = {
				ARCHS = "$(ARCHS_STANDARD_32_BIT)";
				MACOSX_DEPLOYMENT_TARGET = 10.8;
				PRODUCT_NAME = "$(TARGET_NAME)";
			};
			name = Release;
		};
/* End XCBuildConfiguration section */

/* Begin XCConfigurationList section */
		C7337B76222A2A760036705F /* Build configuration list for PBXNativeTarget "cal_2_n_timing" */ = {
			isa = XCConfigurationList;
			buildConfigurations = (
				C7337B77222A2A760036705F /* Debug */,
				C7337B78222A2A760036705F /* Release */,
			);
			defaultConfigurationIsVisible = 0;
		};
		C7337B89222A3A390036705F /* Build configuration list for PBXNativeTarget "cal_2_n_timing_asm" */ = {
			isa = XCConfigurationList;
			buildConfigurations = (
				C7337B8A222A3A390036705F /* Debug */,
				C7337B8B222A3A390036705F /* Release */,
			);
			defaultConfigurationIsVisible = 0;
		};
		C7EB30FA17A37BFB0035625E /* Build configuration list for PBXProject "asm" */ = {
			isa = XCConfigurationList;
			buildConfigurations = (
				C7EB310617A37BFB0035625E /* Debug */,
				C7EB310717A37BFB0035625E /* Release */,
			);
			defaultConfigurationIsVisible = 0;
			defaultConfigurationName = Release;
		};
		C7EB310817A37BFB0035625E /* Build configuration list for PBXNativeTarget "asm" */ = {
			isa = XCConfigurationList;
			buildConfigurations = (
				C7EB310917A37BFB0035625E /* Debug */,
				C7EB310A17A37BFB0035625E /* Release */,
			);
			defaultConfigurationIsVisible = 0;
			defaultConfigurationName = Release;
		};
/* End XCConfigurationList section */
	};
	rootObject = C7EB30F717A37BFB0035625E /* Project object */;
}
